
Microsoft Visual Studio Solution File, Format Version 12.00
# Visual Studio 2012
Project("{FAE04EC0-301F-11D3-BF4B-00C04F79EFBC}") = "Pet2Share_Web", "Pet2Share_Web\Pet2Share_Web.csproj", "{8649889A-0E45-4357-A3D2-06990E39D76B}"
EndProject
Global
	GlobalSection(SolutionConfigurationPlatforms) = preSolution
		Debug|Any CPU = Debug|Any CPU
		Release|Any CPU = Release|Any CPU
	EndGlobalSection
	GlobalSection(ProjectConfigurationPlatforms) = postSolution
		{8649889A-0E45-4357-A3D2-06990E39D76B}.Debug|Any CPU.ActiveCfg = Debug|Any CPU
		{8649889A-0E45-4357-A3D2-06990E39D76B}.Debug|Any CPU.Build.0 = Debug|Any CPU
		{8649889A-0E45-4357-A3D2-06990E39D76B}.Release|Any CPU.ActiveCfg = Release|Any CPU
		{8649889A-0E45-4357-A3D2-06990E39D76B}.Release|Any CPU.Build.0 = Release|Any CPU
	EndGlobalSection
	GlobalSection(SolutionProperties) = preSolution
		HideSolutionNode = FALSE
	EndGlobalSection
EndGlobal
